// !$*UTF8*$!
{
	archiveVersion = 1;
	classes = {
	};
	objectVersion = 56;
	objects = {

/* Begin PBXBuildFile section */
		4872D27429863E970052B315 /* MuazzinApp.swift in Sources */ = {isa = PBXBuildFile; fileRef = 4872D27329863E970052B315 /* MuazzinApp.swift */; };
		4872D27629863E970052B315 /* ContentView.swift in Sources */ = {isa = PBXBuildFile; fileRef = 4872D27529863E970052B315 /* ContentView.swift */; };
		4872D27829863E980052B315 /* Assets.xcassets in Resources */ = {isa = PBXBuildFile; fileRef = 4872D27729863E980052B315 /* Assets.xcassets */; };
		4872D27C29863E980052B315 /* Preview Assets.xcassets in Resources */ = {isa = PBXBuildFile; fileRef = 4872D27B29863E980052B315 /* Preview Assets.xcassets */; };
		4872D28629863E980052B315 /* MuazzinTests.swift in Sources */ = {isa = PBXBuildFile; fileRef = 4872D28529863E980052B315 /* MuazzinTests.swift */; };
		4872D29029863E980052B315 /* MuazzinUITests.swift in Sources */ = {isa = PBXBuildFile; fileRef = 4872D28F29863E980052B315 /* MuazzinUITests.swift */; };
		4872D29229863E980052B315 /* MuazzinUITestsLaunchTests.swift in Sources */ = {isa = PBXBuildFile; fileRef = 4872D29129863E980052B315 /* MuazzinUITestsLaunchTests.swift */; };
/* End PBXBuildFile section */

/* Begin PBXContainerItemProxy section */
		4872D28229863E980052B315 /* PBXContainerItemProxy */ = {
			isa = PBXContainerItemProxy;
			containerPortal = 4872D26829863E970052B315 /* Project object */;
			proxyType = 1;
			remoteGlobalIDString = 4872D26F29863E970052B315;
			remoteInfo = Muazzin;
		};
		4872D28C29863E980052B315 /* PBXContainerItemProxy */ = {
			isa = PBXContainerItemProxy;
			containerPortal = 4872D26829863E970052B315 /* Project object */;
			proxyType = 1;
			remoteGlobalIDString = 4872D26F29863E970052B315;
			remoteInfo = Muazzin;
		};
/* End PBXContainerItemProxy section */

/* Begin PBXFileReference section */
		4872D27029863E970052B315 /* Muazzin.app */ = {isa = PBXFileReference; explicitFileType = wrapper.application; includeInIndex = 0; path = Muazzin.app; sourceTree = BUILT_PRODUCTS_DIR; };
		4872D27329863E970052B315 /* MuazzinApp.swift */ = {isa = PBXFileReference; lastKnownFileType = sourcecode.swift; path = MuazzinApp.swift; sourceTree = "<group>"; };
		4872D27529863E970052B315 /* ContentView.swift */ = {isa = PBXFileReference; lastKnownFileType = sourcecode.swift; path = ContentView.swift; sourceTree = "<group>"; };
		4872D27729863E980052B315 /* Assets.xcassets */ = {isa = PBXFileReference; lastKnownFileType = folder.assetcatalog; path = Assets.xcassets; sourceTree = "<group>"; };
		4872D27929863E980052B315 /* Muazzin.entitlements */ = {isa = PBXFileReference; lastKnownFileType = text.plist.entitlements; path = Muazzin.entitlements; sourceTree = "<group>"; };
		4872D27B29863E980052B315 /* Preview Assets.xcassets */ = {isa = PBXFileReference; lastKnownFileType = folder.assetcatalog; path = "Preview Assets.xcassets"; sourceTree = "<group>"; };
		4872D28129863E980052B315 /* MuazzinTests.xctest */ = {isa = PBXFileReference; explicitFileType = wrapper.cfbundle; includeInIndex = 0; path = MuazzinTests.xctest; sourceTree = BUILT_PRODUCTS_DIR; };
		4872D28529863E980052B315 /* MuazzinTests.swift */ = {isa = PBXFileReference; lastKnownFileType = sourcecode.swift; path = MuazzinTests.swift; sourceTree = "<group>"; };
		4872D28B29863E980052B315 /* MuazzinUITests.xctest */ = {isa = PBXFileReference; explicitFileType = wrapper.cfbundle; includeInIndex = 0; path = MuazzinUITests.xctest; sourceTree = BUILT_PRODUCTS_DIR; };
		4872D28F29863E980052B315 /* MuazzinUITests.swift */ = {isa = PBXFileReference; lastKnownFileType = sourcecode.swift; path = MuazzinUITests.swift; sourceTree = "<group>"; };
		4872D29129863E980052B315 /* MuazzinUITestsLaunchTests.swift */ = {isa = PBXFileReference; lastKnownFileType = sourcecode.swift; path = MuazzinUITestsLaunchTests.swift; sourceTree = "<group>"; };
/* End PBXFileReference section */

/* Begin PBXFrameworksBuildPhase section */
		4872D26D29863E970052B315 /* Frameworks */ = {
			isa = PBXFrameworksBuildPhase;
			buildActionMask = 2147483647;
			files = (
			);
			runOnlyForDeploymentPostprocessing = 0;
		};
		4872D27E29863E980052B315 /* Frameworks */ = {
			isa = PBXFrameworksBuildPhase;
			buildActionMask = 2147483647;
			files = (
			);
			runOnlyForDeploymentPostprocessing = 0;
		};
		4872D28829863E980052B315 /* Frameworks */ = {
			isa = PBXFrameworksBuildPhase;
			buildActionMask = 2147483647;
			files = (
			);
			runOnlyForDeploymentPostprocessing = 0;
		};
/* End PBXFrameworksBuildPhase section */

/* Begin PBXGroup section */
		4872D26729863E970052B315 = {
			isa = PBXGroup;
			children = (
				4872D27229863E970052B315 /* Muazzin */,
				4872D28429863E980052B315 /* MuazzinTests */,
				4872D28E29863E980052B315 /* MuazzinUITests */,
				4872D27129863E970052B315 /* Products */,
			);
			sourceTree = "<group>";
		};
		4872D27129863E970052B315 /* Products */ = {
			isa = PBXGroup;
			children = (
				4872D27029863E970052B315 /* Muazzin.app */,
				4872D28129863E980052B315 /* MuazzinTests.xctest */,
				4872D28B29863E980052B315 /* MuazzinUITests.xctest */,
			);
			name = Products;
			sourceTree = "<group>";
		};
		4872D27229863E970052B315 /* Muazzin */ = {
			isa = PBXGroup;
			children = (
				4872D27329863E970052B315 /* MuazzinApp.swift */,
				4872D27529863E970052B315 /* ContentView.swift */,
				4872D27729863E980052B315 /* Assets.xcassets */,
				4872D27929863E980052B315 /* Muazzin.entitlements */,
				4872D27A29863E980052B315 /* Preview Content */,
			);
			path = Muazzin;
			sourceTree = "<group>";
		};
		4872D27A29863E980052B315 /* Preview Content */ = {
			isa = PBXGroup;
			children = (
				4872D27B29863E980052B315 /* Preview Assets.xcassets */,
			);
			path = "Preview Content";
			sourceTree = "<group>";
		};
		4872D28429863E980052B315 /* MuazzinTests */ = {
			isa = PBXGroup;
			children = (
				4872D28529863E980052B315 /* MuazzinTests.swift */,
			);
			path = MuazzinTests;
			sourceTree = "<group>";
		};
		4872D28E29863E980052B315 /* MuazzinUITests */ = {
			isa = PBXGroup;
			children = (
				4872D28F29863E980052B315 /* MuazzinUITests.swift */,
				4872D29129863E980052B315 /* MuazzinUITestsLaunchTests.swift */,
			);
			path = MuazzinUITests;
			sourceTree = "<group>";
		};
/* End PBXGroup section */

/* Begin PBXNativeTarget section */
		4872D26F29863E970052B315 /* Muazzin */ = {
			isa = PBXNativeTarget;
			buildConfigurationList = 4872D29529863E980052B315 /* Build configuration list for PBXNativeTarget "Muazzin" */;
			buildPhases = (
				4872D26C29863E970052B315 /* Sources */,
				4872D26D29863E970052B315 /* Frameworks */,
				4872D26E29863E970052B315 /* Resources */,
			);
			buildRules = (
			);
			dependencies = (
			);
			name = Muazzin;
			productName = Muazzin;
			productReference = 4872D27029863E970052B315 /* Muazzin.app */;
			productType = "com.apple.product-type.application";
		};
		4872D28029863E980052B315 /* MuazzinTests */ = {
			isa = PBXNativeTarget;
			buildConfigurationList = 4872D29829863E980052B315 /* Build configuration list for PBXNativeTarget "MuazzinTests" */;
			buildPhases = (
				4872D27D29863E980052B315 /* Sources */,
				4872D27E29863E980052B315 /* Frameworks */,
				4872D27F29863E980052B315 /* Resources */,
			);
			buildRules = (
			);
			dependencies = (
				4872D28329863E980052B315 /* PBXTargetDependency */,
			);
			name = MuazzinTests;
			productName = MuazzinTests;
			productReference = 4872D28129863E980052B315 /* MuazzinTests.xctest */;
			productType = "com.apple.product-type.bundle.unit-test";
		};
		4872D28A29863E980052B315 /* MuazzinUITests */ = {
			isa = PBXNativeTarget;
			buildConfigurationList = 4872D29B29863E980052B315 /* Build configuration list for PBXNativeTarget "MuazzinUITests" */;
			buildPhases = (
				4872D28729863E980052B315 /* Sources */,
				4872D28829863E980052B315 /* Frameworks */,
				4872D28929863E980052B315 /* Resources */,
			);
			buildRules = (
			);
			dependencies = (
				4872D28D29863E980052B315 /* PBXTargetDependency */,
			);
			name = MuazzinUITests;
			productName = MuazzinUITests;
			productReference = 4872D28B29863E980052B315 /* MuazzinUITests.xctest */;
			productType = "com.apple.product-type.bundle.ui-testing";
		};
/* End PBXNativeTarget section */

/* Begin PBXProject section */
		4872D26829863E970052B315 /* Project object */ = {
			isa = PBXProject;
			attributes = {
				BuildIndependentTargetsInParallel = 1;
				LastSwiftUpdateCheck = 1420;
				LastUpgradeCheck = 1420;
				TargetAttributes = {
					4872D26F29863E970052B315 = {
						CreatedOnToolsVersion = 14.2;
					};
					4872D28029863E980052B315 = {
						CreatedOnToolsVersion = 14.2;
						TestTargetID = 4872D26F29863E970052B315;
					};
					4872D28A29863E980052B315 = {
						CreatedOnToolsVersion = 14.2;
						TestTargetID = 4872D26F29863E970052B315;
					};
				};
			};
			buildConfigurationList = 4872D26B29863E970052B315 /* Build configuration list for PBXProject "Muazzin" */;
			compatibilityVersion = "Xcode 14.0";
			developmentRegion = en;
			hasScannedForEncodings = 0;
			knownRegions = (
				en,
				Base,
			);
			mainGroup = 4872D26729863E970052B315;
			productRefGroup = 4872D27129863E970052B315 /* Products */;
			projectDirPath = "";
			projectRoot = "";
			targets = (
				4872D26F29863E970052B315 /* Muazzin */,
				4872D28029863E980052B315 /* MuazzinTests */,
				4872D28A29863E980052B315 /* MuazzinUITests */,
			);
		};
/* End PBXProject section */

/* Begin PBXResourcesBuildPhase section */
		4872D26E29863E970052B315 /* Resources */ = {
			isa = PBXResourcesBuildPhase;
			buildActionMask = 2147483647;
			files = (
				4872D27C29863E980052B315 /* Preview Assets.xcassets in Resources */,
				4872D27829863E980052B315 /* Assets.xcassets in Resources */,
			);
			runOnlyForDeploymentPostprocessing = 0;
		};
		4872D27F29863E980052B315 /* Resources */ = {
			isa = PBXResourcesBuildPhase;
			buildActionMask = 2147483647;
			files = (
			);
			runOnlyForDeploymentPostprocessing = 0;
		};
		4872D28929863E980052B315 /* Resources */ = {
			isa = PBXResourcesBuildPhase;
			buildActionMask = 2147483647;
			files = (
			);
			runOnlyForDeploymentPostprocessing = 0;
		};
/* End PBXResourcesBuildPhase section */

/* Begin PBXSourcesBuildPhase section */
		4872D26C29863E970052B315 /* Sources */ = {
			isa = PBXSourcesBuildPhase;
			buildActionMask = 2147483647;
			files = (
				4872D27629863E970052B315 /* ContentView.swift in Sources */,
				4872D27429863E970052B315 /* MuazzinApp.swift in Sources */,
			);
			runOnlyForDeploymentPostprocessing = 0;
		};
		4872D27D29863E980052B315 /* Sources */ = {
			isa = PBXSourcesBuildPhase;
			buildActionMask = 2147483647;
			files = (
				4872D28629863E980052B315 /* MuazzinTests.swift in Sources */,
			);
			runOnlyForDeploymentPostprocessing = 0;
		};
		4872D28729863E980052B315 /* Sources */ = {
			isa = PBXSourcesBuildPhase;
			buildActionMask = 2147483647;
			files = (
				4872D29029863E980052B315 /* MuazzinUITests.swift in Sources */,
				4872D29229863E980052B315 /* MuazzinUITestsLaunchTests.swift in Sources */,
			);
			runOnlyForDeploymentPostprocessing = 0;
		};
/* End PBXSourcesBuildPhase section */

/* Begin PBXTargetDependency section */
		4872D28329863E980052B315 /* PBXTargetDependency */ = {
			isa = PBXTargetDependency;
			target = 4872D26F29863E970052B315 /* Muazzin */;
			targetProxy = 4872D28229863E980052B315 /* PBXContainerItemProxy */;
		};
		4872D28D29863E980052B315 /* PBXTargetDependency */ = {
			isa = PBXTargetDependency;
			target = 4872D26F29863E970052B315 /* Muazzin */;
			targetProxy = 4872D28C29863E980052B315 /* PBXContainerItemProxy */;
		};
/* End PBXTargetDependency section */

/* Begin XCBuildConfiguration section */
		4872D29329863E980052B315 /* Debug */ = {
			isa = XCBuildConfiguration;
			buildSettings = {
				ALWAYS_SEARCH_USER_PATHS = NO;
				CLANG_ANALYZER_NONNULL = YES;
				CLANG_ANALYZER_NUMBER_OBJECT_CONVERSION = YES_AGGRESSIVE;
				CLANG_CXX_LANGUAGE_STANDARD = "gnu++20";
				CLANG_ENABLE_MODULES = YES;
				CLANG_ENABLE_OBJC_ARC = YES;
				CLANG_ENABLE_OBJC_WEAK = YES;
				CLANG_WARN_BLOCK_CAPTURE_AUTORELEASING = YES;
				CLANG_WARN_BOOL_CONVERSION = YES;
				CLANG_WARN_COMMA = YES;
				CLANG_WARN_CONSTANT_CONVERSION = YES;
				CLANG_WARN_DEPRECATED_OBJC_IMPLEMENTATIONS = YES;
				CLANG_WARN_DIRECT_OBJC_ISA_USAGE = YES_ERROR;
				CLANG_WARN_DOCUMENTATION_COMMENTS = YES;
				CLANG_WARN_EMPTY_BODY = YES;
				CLANG_WARN_ENUM_CONVERSION = YES;
				CLANG_WARN_INFINITE_RECURSION = YES;
				CLANG_WARN_INT_CONVERSION = YES;
				CLANG_WARN_NON_LITERAL_NULL_CONVERSION = YES;
				CLANG_WARN_OBJC_IMPLICIT_RETAIN_SELF = YES;
				CLANG_WARN_OBJC_LITERAL_CONVERSION = YES;
				CLANG_WARN_OBJC_ROOT_CLASS = YES_ERROR;
				CLANG_WARN_QUOTED_INCLUDE_IN_FRAMEWORK_HEADER = YES;
				CLANG_WARN_RANGE_LOOP_ANALYSIS = YES;
				CLANG_WARN_STRICT_PROTOTYPES = YES;
				CLANG_WARN_SUSPICIOUS_MOVE = YES;
				CLANG_WARN_UNGUARDED_AVAILABILITY = YES_AGGRESSIVE;
				CLANG_WARN_UNREACHABLE_CODE = YES;
				CLANG_WARN__DUPLICATE_METHOD_MATCH = YES;
				COPY_PHASE_STRIP = NO;
				DEBUG_INFORMATION_FORMAT = dwarf;
				ENABLE_STRICT_OBJC_MSGSEND = YES;
				ENABLE_TESTABILITY = YES;
				GCC_C_LANGUAGE_STANDARD = gnu11;
				GCC_DYNAMIC_NO_PIC = NO;
				GCC_NO_COMMON_BLOCKS = YES;
				GCC_OPTIMIZATION_LEVEL = 0;
				GCC_PREPROCESSOR_DEFINITIONS = (
					"DEBUG=1",
					"$(inherited)",
				);
				GCC_WARN_64_TO_32_BIT_CONVERSION = YES;
				GCC_WARN_ABOUT_RETURN_TYPE = YES_ERROR;
				GCC_WARN_UNDECLARED_SELECTOR = YES;
				GCC_WARN_UNINITIALIZED_AUTOS = YES_AGGRESSIVE;
				GCC_WARN_UNUSED_FUNCTION = YES;
				GCC_WARN_UNUSED_VARIABLE = YES;
				MTL_ENABLE_DEBUG_INFO = INCLUDE_SOURCE;
				MTL_FAST_MATH = YES;
				ONLY_ACTIVE_ARCH = YES;
				SWIFT_ACTIVE_COMPILATION_CONDITIONS = DEBUG;
				SWIFT_OPTIMIZATION_LEVEL = "-Onone";
			};
			name = Debug;
		};
		4872D29429863E980052B315 /* Release */ = {
			isa = XCBuildConfiguration;
			buildSettings = {
				ALWAYS_SEARCH_USER_PATHS = NO;
				CLANG_ANALYZER_NONNULL = YES;
				CLANG_ANALYZER_NUMBER_OBJECT_CONVERSION = YES_AGGRESSIVE;
				CLANG_CXX_LANGUAGE_STANDARD = "gnu++20";
				CLANG_ENABLE_MODULES = YES;
				CLANG_ENABLE_OBJC_ARC = YES;
				CLANG_ENABLE_OBJC_WEAK = YES;
				CLANG_WARN_BLOCK_CAPTURE_AUTORELEASING = YES;
				CLANG_WARN_BOOL_CONVERSION = YES;
				CLANG_WARN_COMMA = YES;
				CLANG_WARN_CONSTANT_CONVERSION = YES;
				CLANG_WARN_DEPRECATED_OBJC_IMPLEMENTATIONS = YES;
				CLANG_WARN_DIRECT_OBJC_ISA_USAGE = YES_ERROR;
				CLANG_WARN_DOCUMENTATION_COMMENTS = YES;
				CLANG_WARN_EMPTY_BODY = YES;
				CLANG_WARN_ENUM_CONVERSION = YES;
				CLANG_WARN_INFINITE_RECURSION = YES;
				CLANG_WARN_INT_CONVERSION = YES;
				CLANG_WARN_NON_LITERAL_NULL_CONVERSION = YES;
				CLANG_WARN_OBJC_IMPLICIT_RETAIN_SELF = YES;
				CLANG_WARN_OBJC_LITERAL_CONVERSION = YES;
				CLANG_WARN_OBJC_ROOT_CLASS = YES_ERROR;
				CLANG_WARN_QUOTED_INCLUDE_IN_FRAMEWORK_HEADER = YES;
				CLANG_WARN_RANGE_LOOP_ANALYSIS = YES;
				CLANG_WARN_STRICT_PROTOTYPES = YES;
				CLANG_WARN_SUSPICIOUS_MOVE = YES;
				CLANG_WARN_UNGUARDED_AVAILABILITY = YES_AGGRESSIVE;
				CLANG_WARN_UNREACHABLE_CODE = YES;
				CLANG_WARN__DUPLICATE_METHOD_MATCH = YES;
				COPY_PHASE_STRIP = NO;
				DEBUG_INFORMATION_FORMAT = "dwarf-with-dsym";
				ENABLE_NS_ASSERTIONS = NO;
				ENABLE_STRICT_OBJC_MSGSEND = YES;
				GCC_C_LANGUAGE_STANDARD = gnu11;
				GCC_NO_COMMON_BLOCKS = YES;
				GCC_WARN_64_TO_32_BIT_CONVERSION = YES;
				GCC_WARN_ABOUT_RETURN_TYPE = YES_ERROR;
				GCC_WARN_UNDECLARED_SELECTOR = YES;
				GCC_WARN_UNINITIALIZED_AUTOS = YES_AGGRESSIVE;
				GCC_WARN_UNUSED_FUNCTION = YES;
				GCC_WARN_UNUSED_VARIABLE = YES;
				MTL_ENABLE_DEBUG_INFO = NO;
				MTL_FAST_MATH = YES;
				SWIFT_COMPILATION_MODE = wholemodule;
				SWIFT_OPTIMIZATION_LEVEL = "-O";
			};
			name = Release;
		};
		4872D29629863E980052B315 /* Debug */ = {
			isa = XCBuildConfiguration;
			buildSettings = {
				ASSETCATALOG_COMPILER_APPICON_NAME = AppIcon;
				ASSETCATALOG_COMPILER_GLOBAL_ACCENT_COLOR_NAME = AccentColor;
				CODE_SIGN_ENTITLEMENTS = Muazzin/Muazzin.entitlements;
				CODE_SIGN_STYLE = Automatic;
				CURRENT_PROJECT_VERSION = 1;
				DEVELOPMENT_ASSET_PATHS = "\"Muazzin/Preview Content\"";
				DEVELOPMENT_TEAM = H7H728C287;
				ENABLE_HARDENED_RUNTIME = YES;
				ENABLE_PREVIEWS = YES;
				GENERATE_INFOPLIST_FILE = YES;
				"INFOPLIST_KEY_UIApplicationSceneManifest_Generation[sdk=iphoneos*]" = YES;
				"INFOPLIST_KEY_UIApplicationSceneManifest_Generation[sdk=iphonesimulator*]" = YES;
				"INFOPLIST_KEY_UIApplicationSupportsIndirectInputEvents[sdk=iphoneos*]" = YES;
				"INFOPLIST_KEY_UIApplicationSupportsIndirectInputEvents[sdk=iphonesimulator*]" = YES;
				"INFOPLIST_KEY_UILaunchScreen_Generation[sdk=iphoneos*]" = YES;
				"INFOPLIST_KEY_UILaunchScreen_Generation[sdk=iphonesimulator*]" = YES;
				"INFOPLIST_KEY_UIStatusBarStyle[sdk=iphoneos*]" = UIStatusBarStyleDefault;
				"INFOPLIST_KEY_UIStatusBarStyle[sdk=iphonesimulator*]" = UIStatusBarStyleDefault;
				INFOPLIST_KEY_UISupportedInterfaceOrientations_iPad = "UIInterfaceOrientationPortrait UIInterfaceOrientationPortraitUpsideDown UIInterfaceOrientationLandscapeLeft UIInterfaceOrientationLandscapeRight";
				INFOPLIST_KEY_UISupportedInterfaceOrientations_iPhone = "UIInterfaceOrientationPortrait UIInterfaceOrientationLandscapeLeft UIInterfaceOrientationLandscapeRight";
				IPHONEOS_DEPLOYMENT_TARGET = 16.2;
				LD_RUNPATH_SEARCH_PATHS = "@executable_path/Frameworks";
				"LD_RUNPATH_SEARCH_PATHS[sdk=macosx*]" = "@executable_path/../Frameworks";
				MACOSX_DEPLOYMENT_TARGET = 13.1;
				MARKETING_VERSION = 1.0;
				PRODUCT_BUNDLE_IDENTIFIER = javlonbekdev.Muazzin;
				PRODUCT_NAME = "$(TARGET_NAME)";
				SDKROOT = auto;
				SUPPORTED_PLATFORMS = "iphoneos iphonesimulator macosx";
				SWIFT_EMIT_LOC_STRINGS = YES;
				SWIFT_VERSION = 5.0;
				TARGETED_DEVICE_FAMILY = "1,2";
			};
			name = Debug;
		};
		4872D29729863E980052B315 /* Release */ = {
			isa = XCBuildConfiguration;
			buildSettings = {
				ASSETCATALOG_COMPILER_APPICON_NAME = AppIcon;
				ASSETCATALOG_COMPILER_GLOBAL_ACCENT_COLOR_NAME = AccentColor;
				CODE_SIGN_ENTITLEMENTS = Muazzin/Muazzin.entitlements;
				CODE_SIGN_STYLE = Automatic;
				CURRENT_PROJECT_VERSION = 1;
				DEVELOPMENT_ASSET_PATHS = "\"Muazzin/Preview Content\"";
				DEVELOPMENT_TEAM = H7H728C287;
				ENABLE_HARDENED_RUNTIME = YES;
				ENABLE_PREVIEWS = YES;
				GENERATE_INFOPLIST_FILE = YES;
				"INFOPLIST_KEY_UIApplicationSceneManifest_Generation[sdk=iphoneos*]" = YES;
				"INFOPLIST_KEY_UIApplicationSceneManifest_Generation[sdk=iphonesimulator*]" = YES;
				"INFOPLIST_KEY_UIApplicationSupportsIndirectInputEvents[sdk=iphoneos*]" = YES;
				"INFOPLIST_KEY_UIApplicationSupportsIndirectInputEvents[sdk=iphonesimulator*]" = YES;
				"INFOPLIST_KEY_UILaunchScreen_Generation[sdk=iphoneos*]" = YES;
				"INFOPLIST_KEY_UILaunchScreen_Generation[sdk=iphonesimulator*]" = YES;
				"INFOPLIST_KEY_UIStatusBarStyle[sdk=iphoneos*]" = UIStatusBarStyleDefault;
				"INFOPLIST_KEY_UIStatusBarStyle[sdk=iphonesimulator*]" = UIStatusBarStyleDefault;
				INFOPLIST_KEY_UISupportedInterfaceOrientations_iPad = "UIInterfaceOrientationPortrait UIInterfaceOrientationPortraitUpsideDown UIInterfaceOrientationLandscapeLeft UIInterfaceOrientationLandscapeRight";
				INFOPLIST_KEY_UISupportedInterfaceOrientations_iPhone = "UIInterfaceOrientationPortrait UIInterfaceOrientationLandscapeLeft UIInterfaceOrientationLandscapeRight";
				IPHONEOS_DEPLOYMENT_TARGET = 16.2;
				LD_RUNPATH_SEARCH_PATHS = "@executable_path/Frameworks";
				"LD_RUNPATH_SEARCH_PATHS[sdk=macosx*]" = "@executable_path/../Frameworks";
				MACOSX_DEPLOYMENT_TARGET = 13.1;
				MARKETING_VERSION = 1.0;
				PRODUCT_BUNDLE_IDENTIFIER = javlonbekdev.Muazzin;
				PRODUCT_NAME = "$(TARGET_NAME)";
				SDKROOT = auto;
				SUPPORTED_PLATFORMS = "iphoneos iphonesimulator macosx";
				SWIFT_EMIT_LOC_STRINGS = YES;
				SWIFT_VERSION = 5.0;
				TARGETED_DEVICE_FAMILY = "1,2";
			};
			name = Release;
		};
		4872D29929863E980052B315 /* Debug */ = {
			isa = XCBuildConfiguration;
			buildSettings = {
				ALWAYS_EMBED_SWIFT_STANDARD_LIBRARIES = YES;
				BUNDLE_LOADER = "$(TEST_HOST)";
				CODE_SIGN_STYLE = Automatic;
				CURRENT_PROJECT_VERSION = 1;
				DEVELOPMENT_TEAM = H7H728C287;
				GENERATE_INFOPLIST_FILE = YES;
				IPHONEOS_DEPLOYMENT_TARGET = 16.2;
				MACOSX_DEPLOYMENT_TARGET = 13.1;
				MARKETING_VERSION = 1.0;
				PRODUCT_BUNDLE_IDENTIFIER = javlonbekdev.MuazzinTests;
				PRODUCT_NAME = "$(TARGET_NAME)";
				SDKROOT = auto;
				SUPPORTED_PLATFORMS = "iphoneos iphonesimulator macosx";
				SWIFT_EMIT_LOC_STRINGS = NO;
				SWIFT_VERSION = 5.0;
				TARGETED_DEVICE_FAMILY = "1,2";
				TEST_HOST = "$(BUILT_PRODUCTS_DIR)/Muazzin.app/$(BUNDLE_EXECUTABLE_FOLDER_PATH)/Muazzin";
			};
			name = Debug;
		};
		4872D29A29863E980052B315 /* Release */ = {
			isa = XCBuildConfiguration;
			buildSettings = {
				ALWAYS_EMBED_SWIFT_STANDARD_LIBRARIES = YES;
				BUNDLE_LOADER = "$(TEST_HOST)";
				CODE_SIGN_STYLE = Automatic;
				CURRENT_PROJECT_VERSION = 1;
				DEVELOPMENT_TEAM = H7H728C287;
				GENERATE_INFOPLIST_FILE = YES;
				IPHONEOS_DEPLOYMENT_TARGET = 16.2;
				MACOSX_DEPLOYMENT_TARGET = 13.1;
				MARKETING_VERSION = 1.0;
				PRODUCT_BUNDLE_IDENTIFIER = javlonbekdev.MuazzinTests;
				PRODUCT_NAME = "$(TARGET_NAME)";
				SDKROOT = auto;
				SUPPORTED_PLATFORMS = "iphoneos iphonesimulator macosx";
				SWIFT_EMIT_LOC_STRINGS = NO;
				SWIFT_VERSION = 5.0;
				TARGETED_DEVICE_FAMILY = "1,2";
				TEST_HOST = "$(BUILT_PRODUCTS_DIR)/Muazzin.app/$(BUNDLE_EXECUTABLE_FOLDER_PATH)/Muazzin";
			};
			name = Release;
		};
		4872D29C29863E980052B315 /* Debug */ = {
			isa = XCBuildConfiguration;
			buildSettings = {
				ALWAYS_EMBED_SWIFT_STANDARD_LIBRARIES = YES;
				CODE_SIGN_STYLE = Automatic;
				CURRENT_PROJECT_VERSION = 1;
				DEVELOPMENT_TEAM = H7H728C287;
				GENERATE_INFOPLIST_FILE = YES;
				IPHONEOS_DEPLOYMENT_TARGET = 16.2;
				MACOSX_DEPLOYMENT_TARGET = 13.1;
				MARKETING_VERSION = 1.0;
				PRODUCT_BUNDLE_IDENTIFIER = javlonbekdev.MuazzinUITests;
				PRODUCT_NAME = "$(TARGET_NAME)";
				SDKROOT = auto;
				SUPPORTED_PLATFORMS = "iphoneos iphonesimulator macosx";
				SWIFT_EMIT_LOC_STRINGS = NO;
				SWIFT_VERSION = 5.0;
				TARGETED_DEVICE_FAMILY = "1,2";
				TEST_TARGET_NAME = Muazzin;
			};
			name = Debug;
		};
		4872D29D29863E980052B315 /* Release */ = {
			isa = XCBuildConfiguration;
			buildSettings = {
				ALWAYS_EMBED_SWIFT_STANDARD_LIBRARIES = YES;
				CODE_SIGN_STYLE = Automatic;
				CURRENT_PROJECT_VERSION = 1;
				DEVELOPMENT_TEAM = H7H728C287;
				GENERATE_INFOPLIST_FILE = YES;
				IPHONEOS_DEPLOYMENT_TARGET = 16.2;
				MACOSX_DEPLOYMENT_TARGET = 13.1;
				MARKETING_VERSION = 1.0;
				PRODUCT_BUNDLE_IDENTIFIER = javlonbekdev.MuazzinUITests;
				PRODUCT_NAME = "$(TARGET_NAME)";
				SDKROOT = auto;
				SUPPORTED_PLATFORMS = "iphoneos iphonesimulator macosx";
				SWIFT_EMIT_LOC_STRINGS = NO;
				SWIFT_VERSION = 5.0;
				TARGETED_DEVICE_FAMILY = "1,2";
				TEST_TARGET_NAME = Muazzin;
			};
			name = Release;
		};
/* End XCBuildConfiguration section */

/* Begin XCConfigurationList section */
		4872D26B29863E970052B315 /* Build configuration list for PBXProject "Muazzin" */ = {
			isa = XCConfigurationList;
			buildConfigurations = (
				4872D29329863E980052B315 /* Debug */,
				4872D29429863E980052B315 /* Release */,
			);
			defaultConfigurationIsVisible = 0;
			defaultConfigurationName = Release;
		};
		4872D29529863E980052B315 /* Build configuration list for PBXNativeTarget "Muazzin" */ = {
			isa = XCConfigurationList;
			buildConfigurations = (
				4872D29629863E980052B315 /* Debug */,
				4872D29729863E980052B315 /* Release */,
			);
			defaultConfigurationIsVisible = 0;
			defaultConfigurationName = Release;
		};
		4872D29829863E980052B315 /* Build configuration list for PBXNativeTarget "MuazzinTests" */ = {
			isa = XCConfigurationList;
			buildConfigurations = (
				4872D29929863E980052B315 /* Debug */,
				4872D29A29863E980052B315 /* Release */,
			);
			defaultConfigurationIsVisible = 0;
			defaultConfigurationName = Release;
		};
		4872D29B29863E980052B315 /* Build configuration list for PBXNativeTarget "MuazzinUITests" */ = {
			isa = XCConfigurationList;
			buildConfigurations = (
				4872D29C29863E980052B315 /* Debug */,
				4872D29D29863E980052B315 /* Release */,
			);
			defaultConfigurationIsVisible = 0;
			defaultConfigurationName = Release;
		};
/* End XCConfigurationList section */
	};
	rootObject = 4872D26829863E970052B315 /* Project object */;
}
